<?xml version="1.0" encoding="utf-8"?>
<Project ToolsVersion="4.0" xmlns="http://schemas.microsoft.com/developer/msbuild/2003">
  <ItemGroup>
    <Filter Include="Source Files">
      <UniqueIdentifier>{4FC737F1-C7A5-4376-A066-2A32D752A2FF}</UniqueIdentifier>
      <Extensions>cpp;c;cc;cxx;def;odl;idl;hpj;bat;asm;asmx</Extensions>
    </Filter>
    <Filter Include="Header Files">
      <UniqueIdentifier>{93995380-89BD-4b04-88EB-625FBE52EBFB}</UniqueIdentifier>
      <Extensions>h;hh;hpp;hxx;hm;inl;inc;ipp;xsd</Extensions>
    </Filter>
    <Filter Include="Resource Files">
      <UniqueIdentifier>{67DA6AB6-F800-4c08-8B7A-83BB121AAD01}</UniqueIdentifier>
      <Extensions>rc;ico;cur;bmp;dlg;rc2;rct;bin;rgs;gif;jpg;jpeg;jpe;resx;tiff;tif;png;wav;mfcribbon-ms</Extensions>
    </Filter>
    <Filter Include="Header Files\d2gelib">
      <UniqueIdentifier>{49f5e476-7ec8-42b2-b7bd-4370313e767e}</UniqueIdentifier>
    </Filter>
  </ItemGroup>
  <ItemGroup>
    <ClCompile Include="sources\bnethash.c">
      <Filter>Source Files</Filter>
    </ClCompile>
    <ClCompile Include="sources\callback.c">
      <Filter>Source Files</Filter>
    </ClCompile>
    <ClCompile Include="sources\charlist.c">
      <Filter>Source Files</Filter>
    </ClCompile>
    <ClCompile Include="sources\config.c">
      <Filter>Source Files</Filter>
    </ClCompile>
    <ClCompile Include="sources\d2gamelist.c">
      <Filter>Source Files</Filter>
    </ClCompile>
    <ClCompile Include="sources\d2ge.c">
      <Filter>Source Files</Filter>
    </ClCompile>
    <ClCompile Include="sources\debug.c">
      <Filter>Source Files</Filter>
    </ClCompile>
    <ClCompile Include="sources\eventlog.c">
      <Filter>Source Files</Filter>
    </ClCompile>
    <ClCompile Include="sources\handle_s2s.c">
      <Filter>Source Files</Filter>
    </ClCompile>
    <ClCompile Include="sources\hexdump.c">
      <Filter>Source Files</Filter>
    </ClCompile>
    <ClCompile Include="sources\main.c">
      <Filter>Source Files</Filter>
    </ClCompile>
    <ClCompile Include="sources\net.c">
      <Filter>Source Files</Filter>
    </ClCompile>
    <ClCompile Include="sources\telnetd.c">
      <Filter>Source Files</Filter>
    </ClCompile>
    <ClCompile Include="sources\timer.c">
      <Filter>Source Files</Filter>
    </ClCompile>
    <ClCompile Include="sources\utils.c">
      <Filter>Source Files</Filter>
    </ClCompile>
    <ClCompile Include="sources\vars.c">
      <Filter>Source Files</Filter>
    </ClCompile>
    <ClCompile Include="sources\versioncheck.c">
      <Filter>Source Files</Filter>
    </ClCompile>
  </ItemGroup>
  <ItemGroup>
    <ClInclude Include="sources\bn_types.h">
      <Filter>Header Files</Filter>
    </ClInclude>
    <ClInclude Include="sources\bnethash.h">
      <Filter>Header Files</Filter>
    </ClInclude>
    <ClInclude Include="sources\callback.h">
      <Filter>Header Files</Filter>
    </ClInclude>
    <ClInclude Include="sources\charlist.h">
      <Filter>Header Files</Filter>
    </ClInclude>
    <ClInclude Include="sources\config.h">
      <Filter>Header Files</Filter>
    </ClInclude>
    <ClInclude Include="sources\connection.h">
      <Filter>Header Files</Filter>
    </ClInclude>
    <ClInclude Include="sources\d2cs_d2gs_character.h">
      <Filter>Header Files</Filter>
    </ClInclude>
    <ClInclude Include="sources\d2cs_d2gs_protocol.h">
      <Filter>Header Files</Filter>
    </ClInclude>
    <ClInclude Include="sources\d2dbs_d2gs_protocol.h">
      <Filter>Header Files</Filter>
    </ClInclude>
    <ClInclude Include="sources\d2gamelist.h">
      <Filter>Header Files</Filter>
    </ClInclude>
    <ClInclude Include="sources\d2ge.h">
      <Filter>Header Files</Filter>
    </ClInclude>
    <ClInclude Include="sources\d2gs.h">
      <Filter>Header Files</Filter>
    </ClInclude>
    <ClInclude Include="sources\debug.h">
      <Filter>Header Files</Filter>
    </ClInclude>
    <ClInclude Include="sources\eventlog.h">
      <Filter>Header Files</Filter>
    </ClInclude>
    <ClInclude Include="sources\handle_s2s.h">
      <Filter>Header Files</Filter>
    </ClInclude>
    <ClInclude Include="sources\hexdump.h">
      <Filter>Header Files</Filter>
    </ClInclude>
    <ClInclude Include="sources\list.h">
      <Filter>Header Files</Filter>
    </ClInclude>
    <ClInclude Include="sources\net.h">
      <Filter>Header Files</Filter>
    </ClInclude>
    <ClInclude Include="sources\psapi.h">
      <Filter>Header Files</Filter>
    </ClInclude>
    <ClInclude Include="sources\telnetd.h">
      <Filter>Header Files</Filter>
    </ClInclude>
    <ClInclude Include="sources\timer.h">
      <Filter>Header Files</Filter>
    </ClInclude>
    <ClInclude Include="sources\utils.h">
      <Filter>Header Files</Filter>
    </ClInclude>
    <ClInclude Include="sources\vars.h">
      <Filter>Header Files</Filter>
    </ClInclude>
    <ClInclude Include="sources\versioncheck.h">
      <Filter>Header Files</Filter>
    </ClInclude>
    <ClInclude Include="resources\resource.h">
      <Filter>Resource Files</Filter>
    </ClInclude>
    <ClInclude Include="include\d2gelib\colorcode.h">
      <Filter>Header Files\d2gelib</Filter>
    </ClInclude>
    <ClInclude Include="include\d2gelib\d2server.h">
      <Filter>Header Files\d2gelib</Filter>
    </ClInclude>
  </ItemGroup>
  <ItemGroup>
    <None Include="resources\d2server.aps">
      <Filter>Resource Files</Filter>
    </None>
  </ItemGroup>
  <ItemGroup>
    <Image Include="resources\D2Server.ico">
      <Filter>Resource Files</Filter>
    </Image>
  </ItemGroup>
  <ItemGroup>
    <ResourceCompile Include="resources\d2server.rc">
      <Filter>Resource Files</Filter>
    </ResourceCompile>
  </ItemGroup>
</Project>